
Microsoft Visual Studio Solution File, Format Version 12.00
# Visual Studio 2017
Project("{FAE04EC0-301F-11D3-BF4B-00C04F79EFBC}") = "Gloomhaven App", "Gloomhaven App.csproj", "{F8A27C86-9777-7FC4-0466-CF75CCE7CFFD}"
EndProject
Global
	GlobalSection(SolutionConfigurationPlatforms) = preSolution
		Debug|Any CPU = Debug|Any CPU
		Release|Any CPU = Release|Any CPU
	EndGlobalSection
	GlobalSection(ProjectConfigurationPlatforms) = postSolution
		{F8A27C86-9777-7FC4-0466-CF75CCE7CFFD}.Debug|Any CPU.ActiveCfg = Debug|Any CPU
		{F8A27C86-9777-7FC4-0466-CF75CCE7CFFD}.Debug|Any CPU.Build.0 = Debug|Any CPU
		{F8A27C86-9777-7FC4-0466-CF75CCE7CFFD}.Release|Any CPU.ActiveCfg = Release|Any CPU
		{F8A27C86-9777-7FC4-0466-CF75CCE7CFFD}.Release|Any CPU.Build.0 = Release|Any CPU
	EndGlobalSection
	GlobalSection(SolutionProperties) = preSolution
		HideSolutionNode = FALSE
	EndGlobalSection
EndGlobal
